PODS:
  - Flutter (1.0.0)
  - stories_for_flutter (0.0.1):
    - Flutter

DEPENDENCIES:
  - Flutter (from `Flutter`)
  - stories_for_flutter (from `.symlinks/plugins/stories_for_flutter/ios`)

EXTERNAL SOURCES:
  Flutter:
    :path: Flutter
  stories_for_flutter:
    :path: ".symlinks/plugins/stories_for_flutter/ios"

SPEC CHECKSUMS:
  Flutter: f04841e97a9d0b0a8025694d0796dd46242b2854
  stories_for_flutter: 61c379ff8a3dcfdebbe2faffb5c8f4d62ff13994

PODFILE CHECKSUM: 70d9d25280d0dd177a5f637cdb0f0b0b12c6a189

COCOAPODS: 1.12.1
